
Microsoft Visual Studio Solution File, Format Version 12.00
# Visual Studio Version 17
VisualStudioVersion = 17.4.33110.190
MinimumVisualStudioVersion = 10.0.40219.1
Project("{FAE04EC0-301F-11D3-BF4B-00C04F79EFBC}") = "PrimeiroProjeto", "PrimeiroProjeto\PrimeiroProjeto.csproj", "{954589F5-9277-4925-8034-C10261D999ED}"
EndProject
Global
	GlobalSection(SolutionConfigurationPlatforms) = preSolution
		Debug|Any CPU = Debug|Any CPU
		Release|Any CPU = Release|Any CPU
	EndGlobalSection
	GlobalSection(ProjectConfigurationPlatforms) = postSolution
		{954589F5-9277-4925-8034-C10261D999ED}.Debug|Any CPU.ActiveCfg = Debug|Any CPU
		{954589F5-9277-4925-8034-C10261D999ED}.Debug|Any CPU.Build.0 = Debug|Any CPU
		{954589F5-9277-4925-8034-C10261D999ED}.Release|Any CPU.ActiveCfg = Release|Any CPU
		{954589F5-9277-4925-8034-C10261D999ED}.Release|Any CPU.Build.0 = Release|Any CPU
	EndGlobalSection
	GlobalSection(SolutionProperties) = preSolution
		HideSolutionNode = FALSE
	EndGlobalSection
	GlobalSection(ExtensibilityGlobals) = postSolution
		SolutionGuid = {65F02442-497F-4AD3-8343-5CFD660E0EE8}
	EndGlobalSection
EndGlobal
